
Microsoft Visual Studio Solution File, Format Version 12.00
# Visual Studio Version 16
VisualStudioVersion = 16.0.33214.272
MinimumVisualStudioVersion = 10.0.40219.1
Project("{FAE04EC0-301F-11D3-BF4B-00C04F79EFBC}") = "DDTips", "DDTips\DDTips.csproj", "{91A69A54-B304-415E-B8C0-337124D03F27}"
EndProject
Project("{2150E333-8FDC-42A3-9474-1A3956D46DE8}") = "Solution Items", "Solution Items", "{F9861784-8626-4977-9343-A6300FA51856}"
EndProject
Global
	GlobalSection(SolutionConfigurationPlatforms) = preSolution
		Debug|Any CPU = Debug|Any CPU
		Release|Any CPU = Release|Any CPU
	EndGlobalSection
	GlobalSection(ProjectConfigurationPlatforms) = postSolution
		{91A69A54-B304-415E-B8C0-337124D03F27}.Debug|Any CPU.ActiveCfg = Debug|Any CPU
		{91A69A54-B304-415E-B8C0-337124D03F27}.Debug|Any CPU.Build.0 = Debug|Any CPU
		{91A69A54-B304-415E-B8C0-337124D03F27}.Release|Any CPU.ActiveCfg = Release|Any CPU
		{91A69A54-B304-415E-B8C0-337124D03F27}.Release|Any CPU.Build.0 = Release|Any CPU
	EndGlobalSection
	GlobalSection(SolutionProperties) = preSolution
		HideSolutionNode = FALSE
	EndGlobalSection
	GlobalSection(ExtensibilityGlobals) = postSolution
		SolutionGuid = {79FE9C4D-B328-4CE9-A71E-3E9AF9DE6214}
	EndGlobalSection
EndGlobal
